{
  "name": "mini-wp",
  "version": "1.0.0",
  "lockfileVersion": 1,
  "requires": true,
  "dependencies": {
    "axios": {
      "version": "0.18.0",
      "resolved": "https://registry.npmjs.org/axios/-/axios-0.18.0.tgz",
      "integrity": "sha1-MtU+SFHv3AoRmTts0AB4nXDAUQI=",
      "requires": {
        "follow-redirects": "^1.3.0",
        "is-buffer": "^1.1.5"
      }
    },
    "debug": {
      "version": "3.2.6",
      "resolved": "https://registry.npmjs.org/debug/-/debug-3.2.6.tgz",
      "integrity": "sha512-mel+jf7nrtEl5Pn1Qx46zARXKDpBbvzezse7p7LqINmdoIk8PYP5SySaxEmYv6TZ0JyEKA1hsCId6DIhgITtWQ==",
      "requires": {
        "ms": "^2.1.1"
      }
    },
    "dompurify": {
      "version": "1.0.10",
      "resolved": "https://registry.npmjs.org/dompurify/-/dompurify-1.0.10.tgz",
      "integrity": "sha512-huhl3DSWX5LaA7jDtnj3XQdJgWW1wYouNW7N0drGzQa4vEUSVWyeFN+Atx6HP4r5cang6oQytMom6I4yhGJj5g=="
    },
    "follow-redirects": {
      "version": "1.7.0",
      "resolved": "https://registry.npmjs.org/follow-redirects/-/follow-redirects-1.7.0.tgz",
      "integrity": "sha512-m/pZQy4Gj287eNy94nivy5wchN3Kp+Q5WgUPNy5lJSZ3sgkVKSYV/ZChMAQVIgx1SqfZ2zBZtPA2YlXIWxxJOQ==",
      "requires": {
        "debug": "^3.2.6"
      }
    },
    "is-buffer": {
      "version": "1.1.6",
      "resolved": "https://registry.npmjs.org/is-buffer/-/is-buffer-1.1.6.tgz",
      "integrity": "sha512-NcdALwpXkTm5Zvvbk7owOUSvVvBKDgKP5/ewfXEznmQFfs4ZRmanOeKBTjRVjka3QFoN6XJ+9F3USqfHqTaU5w=="
    },
    "jquery": {
      "version": "3.3.1",
      "resolved": "https://registry.npmjs.org/jquery/-/jquery-3.3.1.tgz",
      "integrity": "sha512-Ubldcmxp5np52/ENotGxlLe6aGMvmF4R8S6tZjsP6Knsaxd/xp3Zrh50cG93lR6nPXyUFwzN3ZSOQI0wRJNdGg=="
    },
    "ms": {
      "version": "2.1.1",
      "resolved": "https://registry.npmjs.org/ms/-/ms-2.1.1.tgz",
      "integrity": "sha512-tgp+dl5cGk28utYktBsrFqA7HKgrhgPsg6Z/EfhWI4gl1Hwq8B/GmY/0oXZ6nF8hDVesS/FpnYaD/kOWhYQvyg=="
    },
    "simditor": {
      "version": "2.3.23",
      "resolved": "https://registry.npmjs.org/simditor/-/simditor-2.3.23.tgz",
      "integrity": "sha512-duGugv2RIJbAtBzoy/+87C/Ij68HNRJJnHpcfR9HH7uXa+2jUYHjKWM8XBDQrNZOZ3x346zWuwgtbyXSgtbG9A==",
      "requires": {
        "dompurify": "^1.0.8",
        "jquery": "^3.3.1",
        "simple-hotkeys": "^1.0.3",
        "simple-module": "^3.0.3",
        "simple-uploader": "^3.0.0"
      }
    },
    "simple-hotkeys": {
      "version": "1.0.3",
      "resolved": "https://registry.npmjs.org/simple-hotkeys/-/simple-hotkeys-1.0.3.tgz",
      "integrity": "sha1-R6W8NTYspzOWEb0JqE+jeBiwu8Y=",
      "requires": {
        "jquery": "2.x",
        "simple-module": "~2.0.5"
      },
      "dependencies": {
        "jquery": {
          "version": "2.2.4",
          "resolved": "https://registry.npmjs.org/jquery/-/jquery-2.2.4.tgz",
          "integrity": "sha1-LInWiJterFIqfuoywUUhVZxsvwI="
        },
        "simple-module": {
          "version": "2.0.6",
          "resolved": "https://registry.npmjs.org/simple-module/-/simple-module-2.0.6.tgz",
          "integrity": "sha1-zsglAyX4x/V19Kp1yRmzg5amA3s=",
          "requires": {
            "jquery": "2.x"
          }
        }
      }
    },
    "simple-module": {
      "version": "3.0.3",
      "resolved": "https://registry.npmjs.org/simple-module/-/simple-module-3.0.3.tgz",
      "integrity": "sha1-rVJ2Z4XSfNlCfuhkWknkEZlyWpI=",
      "requires": {
        "jquery": "^3.0.0"
      }
    },
    "simple-uploader": {
      "version": "3.0.0",
      "resolved": "https://registry.npmjs.org/simple-uploader/-/simple-uploader-3.0.0.tgz",
      "integrity": "sha1-wJ9wbxz8vqH+eA41dZpoOxM21NE=",
      "requires": {
        "jquery": "~3.1.0",
        "simple-module": "~3.0.0"
      },
      "dependencies": {
        "jquery": {
          "version": "3.1.1",
          "resolved": "https://registry.npmjs.org/jquery/-/jquery-3.1.1.tgz",
          "integrity": "sha1-NHwcIcfgBBFeCk2jLOzgQfrTyKM="
        }
      }
    },
    "vue": {
      "version": "2.6.8",
      "resolved": "https://registry.npmjs.org/vue/-/vue-2.6.8.tgz",
      "integrity": "sha512-+vp9lEC2Kt3yom673pzg1J7T1NVGuGzO9j8Wxno+rQN2WYVBX2pyo/RGQ3fXCLh2Pk76Skw/laAPCuBuEQ4diw=="
    }
  }
}
